// !$*UTF8*$!
{
	archiveVersion = 1;
	classes = {
	};
	objectVersion = 46;
	objects = {

/* Begin PBXBuildFile section */
		DCF83DAD1A22E47F00F3DF48 /* main.m in Sources */ = {isa = PBXBuildFile; fileRef = DCF83DAC1A22E47F00F3DF48 /* main.m */; };
		DCF83DB01A22E47F00F3DF48 /* AppDelegate.m in Sources */ = {isa = PBXBuildFile; fileRef = DCF83DAF1A22E47F00F3DF48 /* AppDelegate.m */; };
		DCF83DB31A22E47F00F3DF48 /* ViewController.m in Sources */ = {isa = PBXBuildFile; fileRef = DCF83DB21A22E47F00F3DF48 /* ViewController.m */; };
		DCF83DB61A22E47F00F3DF48 /* Main.storyboard in Resources */ = {isa = PBXBuildFile; fileRef = DCF83DB41A22E47F00F3DF48 /* Main.storyboard */; };
		DCF83DB81A22E47F00F3DF48 /* Images.xcassets in Resources */ = {isa = PBXBuildFile; fileRef = DCF83DB71A22E47F00F3DF48 /* Images.xcassets */; };
		DCF83DBB1A22E47F00F3DF48 /* LaunchScreen.xib in Resources */ = {isa = PBXBuildFile; fileRef = DCF83DB91A22E47F00F3DF48 /* LaunchScreen.xib */; };
		DCF83DC71A22E47F00F3DF48 /* IMTests.m in Sources */ = {isa = PBXBuildFile; fileRef = DCF83DC61A22E47F00F3DF48 /* IMTests.m */; };
/* End PBXBuildFile section */

/* Begin PBXContainerItemProxy section */
		DCF83DC11A22E47F00F3DF48 /* PBXContainerItemProxy */ = {
			isa = PBXContainerItemProxy;
			containerPortal = DCF83D9F1A22E47E00F3DF48 /* Project object */;
			proxyType = 1;
			remoteGlobalIDString = DCF83DA61A22E47E00F3DF48;
			remoteInfo = IM;
		};
/* End PBXContainerItemProxy section */

/* Begin PBXFileReference section */
		DCF83DA71A22E47F00F3DF48 /* IM.app */ = {isa = PBXFileReference; explicitFileType = wrapper.application; includeInIndex = 0; path = IM.app; sourceTree = BUILT_PRODUCTS_DIR; };
		DCF83DAB1A22E47F00F3DF48 /* Info.plist */ = {isa = PBXFileReference; lastKnownFileType = text.plist.xml; path = Info.plist; sourceTree = "<group>"; };
		DCF83DAC1A22E47F00F3DF48 /* main.m */ = {isa = PBXFileReference; lastKnownFileType = sourcecode.c.objc; path = main.m; sourceTree = "<group>"; };
		DCF83DAE1A22E47F00F3DF48 /* AppDelegate.h */ = {isa = PBXFileReference; lastKnownFileType = sourcecode.c.h; path = AppDelegate.h; sourceTree = "<group>"; };
		DCF83DAF1A22E47F00F3DF48 /* AppDelegate.m */ = {isa = PBXFileReference; lastKnownFileType = sourcecode.c.objc; path = AppDelegate.m; sourceTree = "<group>"; };
		DCF83DB11A22E47F00F3DF48 /* ViewController.h */ = {isa = PBXFileReference; lastKnownFileType = sourcecode.c.h; path = ViewController.h; sourceTree = "<group>"; };
		DCF83DB21A22E47F00F3DF48 /* ViewController.m */ = {isa = PBXFileReference; lastKnownFileType = sourcecode.c.objc; path = ViewController.m; sourceTree = "<group>"; };
		DCF83DB51A22E47F00F3DF48 /* Base */ = {isa = PBXFileReference; lastKnownFileType = file.storyboard; name = Base; path = Base.lproj/Main.storyboard; sourceTree = "<group>"; };
		DCF83DB71A22E47F00F3DF48 /* Images.xcassets */ = {isa = PBXFileReference; lastKnownFileType = folder.assetcatalog; path = Images.xcassets; sourceTree = "<group>"; };
		DCF83DBA1A22E47F00F3DF48 /* Base */ = {isa = PBXFileReference; lastKnownFileType = file.xib; name = Base; path = Base.lproj/LaunchScreen.xib; sourceTree = "<group>"; };
		DCF83DC01A22E47F00F3DF48 /* IMTests.xctest */ = {isa = PBXFileReference; explicitFileType = wrapper.cfbundle; includeInIndex = 0; path = IMTests.xctest; sourceTree = BUILT_PRODUCTS_DIR; };
		DCF83DC51A22E47F00F3DF48 /* Info.plist */ = {isa = PBXFileReference; lastKnownFileType = text.plist.xml; path = Info.plist; sourceTree = "<group>"; };
		DCF83DC61A22E47F00F3DF48 /* IMTests.m */ = {isa = PBXFileReference; lastKnownFileType = sourcecode.c.objc; path = IMTests.m; sourceTree = "<group>"; };
/* End PBXFileReference section */

/* Begin PBXFrameworksBuildPhase section */
		DCF83DA41A22E47E00F3DF48 /* Frameworks */ = {
			isa = PBXFrameworksBuildPhase;
			buildActionMask = 2147483647;
			files = (
			);
			runOnlyForDeploymentPostprocessing = 0;
		};
		DCF83DBD1A22E47F00F3DF48 /* Frameworks */ = {
			isa = PBXFrameworksBuildPhase;
			buildActionMask = 2147483647;
			files = (
			);
			runOnlyForDeploymentPostprocessing = 0;
		};
/* End PBXFrameworksBuildPhase section */

/* Begin PBXGroup section */
		DCF83D9E1A22E47E00F3DF48 = {
			isa = PBXGroup;
			children = (
				DCF83DA91A22E47F00F3DF48 /* IM */,
				DCF83DC31A22E47F00F3DF48 /* IMTests */,
				DCF83DA81A22E47F00F3DF48 /* Products */,
			);
			sourceTree = "<group>";
		};
		DCF83DA81A22E47F00F3DF48 /* Products */ = {
			isa = PBXGroup;
			children = (
				DCF83DA71A22E47F00F3DF48 /* IM.app */,
				DCF83DC01A22E47F00F3DF48 /* IMTests.xctest */,
			);
			name = Products;
			sourceTree = "<group>";
		};
		DCF83DA91A22E47F00F3DF48 /* IM */ = {
			isa = PBXGroup;
			children = (
				DCF83DAE1A22E47F00F3DF48 /* AppDelegate.h */,
				DCF83DAF1A22E47F00F3DF48 /* AppDelegate.m */,
				DCF83DB11A22E47F00F3DF48 /* ViewController.h */,
				DCF83DB21A22E47F00F3DF48 /* ViewController.m */,
				DCF83DB41A22E47F00F3DF48 /* Main.storyboard */,
				DCF83DB71A22E47F00F3DF48 /* Images.xcassets */,
				DCF83DB91A22E47F00F3DF48 /* LaunchScreen.xib */,
				DCF83DAA1A22E47F00F3DF48 /* Supporting Files */,
			);
			path = IM;
			sourceTree = "<group>";
		};
		DCF83DAA1A22E47F00F3DF48 /* Supporting Files */ = {
			isa = PBXGroup;
			children = (
				DCF83DAB1A22E47F00F3DF48 /* Info.plist */,
				DCF83DAC1A22E47F00F3DF48 /* main.m */,
			);
			name = "Supporting Files";
			sourceTree = "<group>";
		};
		DCF83DC31A22E47F00F3DF48 /* IMTests */ = {
			isa = PBXGroup;
			children = (
				DCF83DC61A22E47F00F3DF48 /* IMTests.m */,
				DCF83DC41A22E47F00F3DF48 /* Supporting Files */,
			);
			path = IMTests;
			sourceTree = "<group>";
		};
		DCF83DC41A22E47F00F3DF48 /* Supporting Files */ = {
			isa = PBXGroup;
			children = (
				DCF83DC51A22E47F00F3DF48 /* Info.plist */,
			);
			name = "Supporting Files";
			sourceTree = "<group>";
		};
/* End PBXGroup section */

/* Begin PBXNativeTarget section */
		DCF83DA61A22E47E00F3DF48 /* IM */ = {
			isa = PBXNativeTarget;
			buildConfigurationList = DCF83DCA1A22E47F00F3DF48 /* Build configuration list for PBXNativeTarget "IM" */;
			buildPhases = (
				DCF83DA31A22E47E00F3DF48 /* Sources */,
				DCF83DA41A22E47E00F3DF48 /* Frameworks */,
				DCF83DA51A22E47E00F3DF48 /* Resources */,
			);
			buildRules = (
			);
			dependencies = (
			);
			name = IM;
			productName = IM;
			productReference = DCF83DA71A22E47F00F3DF48 /* IM.app */;
			productType = "com.apple.product-type.application";
		};
		DCF83DBF1A22E47F00F3DF48 /* IMTests */ = {
			isa = PBXNativeTarget;
			buildConfigurationList = DCF83DCD1A22E47F00F3DF48 /* Build configuration list for PBXNativeTarget "IMTests" */;
			buildPhases = (
				DCF83DBC1A22E47F00F3DF48 /* Sources */,
				DCF83DBD1A22E47F00F3DF48 /* Frameworks */,
				DCF83DBE1A22E47F00F3DF48 /* Resources */,
			);
			buildRules = (
			);
			dependencies = (
				DCF83DC21A22E47F00F3DF48 /* PBXTargetDependency */,
			);
			name = IMTests;
			productName = IMTests;
			productReference = DCF83DC01A22E47F00F3DF48 /* IMTests.xctest */;
			productType = "com.apple.product-type.bundle.unit-test";
		};
/* End PBXNativeTarget section */

/* Begin PBXProject section */
		DCF83D9F1A22E47E00F3DF48 /* Project object */ = {
			isa = PBXProject;
			attributes = {
				LastUpgradeCheck = 0610;
				ORGANIZATIONNAME = rooten;
				TargetAttributes = {
					DCF83DA61A22E47E00F3DF48 = {
						CreatedOnToolsVersion = 6.1;
					};
					DCF83DBF1A22E47F00F3DF48 = {
						CreatedOnToolsVersion = 6.1;
						TestTargetID = DCF83DA61A22E47E00F3DF48;
					};
				};
			};
			buildConfigurationList = DCF83DA21A22E47E00F3DF48 /* Build configuration list for PBXProject "IM" */;
			compatibilityVersion = "Xcode 3.2";
			developmentRegion = English;
			hasScannedForEncodings = 0;
			knownRegions = (
				en,
				Base,
			);
			mainGroup = DCF83D9E1A22E47E00F3DF48;
			productRefGroup = DCF83DA81A22E47F00F3DF48 /* Products */;
			projectDirPath = "";
			projectRoot = "";
			targets = (
				DCF83DA61A22E47E00F3DF48 /* IM */,
				DCF83DBF1A22E47F00F3DF48 /* IMTests */,
			);
		};
/* End PBXProject section */

/* Begin PBXResourcesBuildPhase section */
		DCF83DA51A22E47E00F3DF48 /* Resources */ = {
			isa = PBXResourcesBuildPhase;
			buildActionMask = 2147483647;
			files = (
				DCF83DB61A22E47F00F3DF48 /* Main.storyboard in Resources */,
				DCF83DBB1A22E47F00F3DF48 /* LaunchScreen.xib in Resources */,
				DCF83DB81A22E47F00F3DF48 /* Images.xcassets in Resources */,
			);
			runOnlyForDeploymentPostprocessing = 0;
		};
		DCF83DBE1A22E47F00F3DF48 /* Resources */ = {
			isa = PBXResourcesBuildPhase;
			buildActionMask = 2147483647;
			files = (
			);
			runOnlyForDeploymentPostprocessing = 0;
		};
/* End PBXResourcesBuildPhase section */

/* Begin PBXSourcesBuildPhase section */
		DCF83DA31A22E47E00F3DF48 /* Sources */ = {
			isa = PBXSourcesBuildPhase;
			buildActionMask = 2147483647;
			files = (
				DCF83DB31A22E47F00F3DF48 /* ViewController.m in Sources */,
				DCF83DB01A22E47F00F3DF48 /* AppDelegate.m in Sources */,
				DCF83DAD1A22E47F00F3DF48 /* main.m in Sources */,
			);
			runOnlyForDeploymentPostprocessing = 0;
		};
		DCF83DBC1A22E47F00F3DF48 /* Sources */ = {
			isa = PBXSourcesBuildPhase;
			buildActionMask = 2147483647;
			files = (
				DCF83DC71A22E47F00F3DF48 /* IMTests.m in Sources */,
			);
			runOnlyForDeploymentPostprocessing = 0;
		};
/* End PBXSourcesBuildPhase section */

/* Begin PBXTargetDependency section */
		DCF83DC21A22E47F00F3DF48 /* PBXTargetDependency */ = {
			isa = PBXTargetDependency;
			target = DCF83DA61A22E47E00F3DF48 /* IM */;
			targetProxy = DCF83DC11A22E47F00F3DF48 /* PBXContainerItemProxy */;
		};
/* End PBXTargetDependency section */

/* Begin PBXVariantGroup section */
		DCF83DB41A22E47F00F3DF48 /* Main.storyboard */ = {
			isa = PBXVariantGroup;
			children = (
				DCF83DB51A22E47F00F3DF48 /* Base */,
			);
			name = Main.storyboard;
			sourceTree = "<group>";
		};
		DCF83DB91A22E47F00F3DF48 /* LaunchScreen.xib */ = {
			isa = PBXVariantGroup;
			children = (
				DCF83DBA1A22E47F00F3DF48 /* Base */,
			);
			name = LaunchScreen.xib;
			sourceTree = "<group>";
		};
/* End PBXVariantGroup section */

/* Begin XCBuildConfiguration section */
		DCF83DC81A22E47F00F3DF48 /* Debug */ = {
			isa = XCBuildConfiguration;
			buildSettings = {
				ALWAYS_SEARCH_USER_PATHS = NO;
				CLANG_CXX_LANGUAGE_STANDARD = "gnu++0x";
				CLANG_CXX_LIBRARY = "libc++";
				CLANG_ENABLE_MODULES = YES;
				CLANG_ENABLE_OBJC_ARC = YES;
				CLANG_WARN_BOOL_CONVERSION = YES;
				CLANG_WARN_CONSTANT_CONVERSION = YES;
				CLANG_WARN_DIRECT_OBJC_ISA_USAGE = YES_ERROR;
				CLANG_WARN_EMPTY_BODY = YES;
				CLANG_WARN_ENUM_CONVERSION = YES;
				CLANG_WARN_INT_CONVERSION = YES;
				CLANG_WARN_OBJC_ROOT_CLASS = YES_ERROR;
				CLANG_WARN_UNREACHABLE_CODE = YES;
				CLANG_WARN__DUPLICATE_METHOD_MATCH = YES;
				"CODE_SIGN_IDENTITY[sdk=iphoneos*]" = "iPhone Developer";
				COPY_PHASE_STRIP = NO;
				ENABLE_STRICT_OBJC_MSGSEND = YES;
				GCC_C_LANGUAGE_STANDARD = gnu99;
				GCC_DYNAMIC_NO_PIC = NO;
				GCC_OPTIMIZATION_LEVEL = 0;
				GCC_PREPROCESSOR_DEFINITIONS = (
					"DEBUG=1",
					"$(inherited)",
				);
				GCC_SYMBOLS_PRIVATE_EXTERN = NO;
				GCC_WARN_64_TO_32_BIT_CONVERSION = YES;
				GCC_WARN_ABOUT_RETURN_TYPE = YES_ERROR;
				GCC_WARN_UNDECLARED_SELECTOR = YES;
				GCC_WARN_UNINITIALIZED_AUTOS = YES_AGGRESSIVE;
				GCC_WARN_UNUSED_FUNCTION = YES;
				GCC_WARN_UNUSED_VARIABLE = YES;
				IPHONEOS_DEPLOYMENT_TARGET = 8.1;
				MTL_ENABLE_DEBUG_INFO = YES;
				ONLY_ACTIVE_ARCH = YES;
				SDKROOT = iphoneos;
			};
			name = Debug;
		};
		DCF83DC91A22E47F00F3DF48 /* Release */ = {
			isa = XCBuildConfiguration;
			buildSettings = {
				ALWAYS_SEARCH_USER_PATHS = NO;
				CLANG_CXX_LANGUAGE_STANDARD = "gnu++0x";
				CLANG_CXX_LIBRARY = "libc++";
				CLANG_ENABLE_MODULES = YES;
				CLANG_ENABLE_OBJC_ARC = YES;
				CLANG_WARN_BOOL_CONVERSION = YES;
				CLANG_WARN_CONSTANT_CONVERSION = YES;
				CLANG_WARN_DIRECT_OBJC_ISA_USAGE = YES_ERROR;
				CLANG_WARN_EMPTY_BODY = YES;
				CLANG_WARN_ENUM_CONVERSION = YES;
				CLANG_WARN_INT_CONVERSION = YES;
				CLANG_WARN_OBJC_ROOT_CLASS = YES_ERROR;
				CLANG_WARN_UNREACHABLE_CODE = YES;
				CLANG_WARN__DUPLICATE_METHOD_MATCH = YES;
				"CODE_SIGN_IDENTITY[sdk=iphoneos*]" = "iPhone Developer";
				COPY_PHASE_STRIP = YES;
				ENABLE_NS_ASSERTIONS = NO;
				ENABLE_STRICT_OBJC_MSGSEND = YES;
				GCC_C_LANGUAGE_STANDARD = gnu99;
				GCC_WARN_64_TO_32_BIT_CONVERSION = YES;
				GCC_WARN_ABOUT_RETURN_TYPE = YES_ERROR;
				GCC_WARN_UNDECLARED_SELECTOR = YES;
				GCC_WARN_UNINITIALIZED_AUTOS = YES_AGGRESSIVE;
				GCC_WARN_UNUSED_FUNCTION = YES;
				GCC_WARN_UNUSED_VARIABLE = YES;
				IPHONEOS_DEPLOYMENT_TARGET = 8.1;
				MTL_ENABLE_DEBUG_INFO = NO;
				SDKROOT = iphoneos;
				VALIDATE_PRODUCT = YES;
			};
			name = Release;
		};
		DCF83DCB1A22E47F00F3DF48 /* Debug */ = {
			isa = XCBuildConfiguration;
			buildSettings = {
				ASSETCATALOG_COMPILER_APPICON_NAME = AppIcon;
				INFOPLIST_FILE = IM/Info.plist;
				LD_RUNPATH_SEARCH_PATHS = "$(inherited) @executable_path/Frameworks";
				PRODUCT_NAME = "$(TARGET_NAME)";
			};
			name = Debug;
		};
		DCF83DCC1A22E47F00F3DF48 /* Release */ = {
			isa = XCBuildConfiguration;
			buildSettings = {
				ASSETCATALOG_COMPILER_APPICON_NAME = AppIcon;
				INFOPLIST_FILE = IM/Info.plist;
				LD_RUNPATH_SEARCH_PATHS = "$(inherited) @executable_path/Frameworks";
				PRODUCT_NAME = "$(TARGET_NAME)";
			};
			name = Release;
		};
		DCF83DCE1A22E47F00F3DF48 /* Debug */ = {
			isa = XCBuildConfiguration;
			buildSettings = {
				BUNDLE_LOADER = "$(TEST_HOST)";
				FRAMEWORK_SEARCH_PATHS = (
					"$(SDKROOT)/Developer/Library/Frameworks",
					"$(inherited)",
				);
				GCC_PREPROCESSOR_DEFINITIONS = (
					"DEBUG=1",
					"$(inherited)",
				);
				INFOPLIST_FILE = IMTests/Info.plist;
				LD_RUNPATH_SEARCH_PATHS = "$(inherited) @executable_path/Frameworks @loader_path/Frameworks";
				PRODUCT_NAME = "$(TARGET_NAME)";
				TEST_HOST = "$(BUILT_PRODUCTS_DIR)/IM.app/IM";
			};
			name = Debug;
		};
		DCF83DCF1A22E47F00F3DF48 /* Release */ = {
			isa = XCBuildConfiguration;
			buildSettings = {
				BUNDLE_LOADER = "$(TEST_HOST)";
				FRAMEWORK_SEARCH_PATHS = (
					"$(SDKROOT)/Developer/Library/Frameworks",
					"$(inherited)",
				);
				INFOPLIST_FILE = IMTests/Info.plist;
				LD_RUNPATH_SEARCH_PATHS = "$(inherited) @executable_path/Frameworks @loader_path/Frameworks";
				PRODUCT_NAME = "$(TARGET_NAME)";
				TEST_HOST = "$(BUILT_PRODUCTS_DIR)/IM.app/IM";
			};
			name = Release;
		};
/* End XCBuildConfiguration section */

/* Begin XCConfigurationList section */
		DCF83DA21A22E47E00F3DF48 /* Build configuration list for PBXProject "IM" */ = {
			isa = XCConfigurationList;
			buildConfigurations = (
				DCF83DC81A22E47F00F3DF48 /* Debug */,
				DCF83DC91A22E47F00F3DF48 /* Release */,
			);
			defaultConfigurationIsVisible = 0;
			defaultConfigurationName = Release;
		};
		DCF83DCA1A22E47F00F3DF48 /* Build configuration list for PBXNativeTarget "IM" */ = {
			isa = XCConfigurationList;
			buildConfigurations = (
				DCF83DCB1A22E47F00F3DF48 /* Debug */,
				DCF83DCC1A22E47F00F3DF48 /* Release */,
			);
			defaultConfigurationIsVisible = 0;
		};
		DCF83DCD1A22E47F00F3DF48 /* Build configuration list for PBXNativeTarget "IMTests" */ = {
			isa = XCConfigurationList;
			buildConfigurations = (
				DCF83DCE1A22E47F00F3DF48 /* Debug */,
				DCF83DCF1A22E47F00F3DF48 /* Release */,
			);
			defaultConfigurationIsVisible = 0;
		};
/* End XCConfigurationList section */
	};
	rootObject = DCF83D9F1A22E47E00F3DF48 /* Project object */;
}
